
Microsoft Visual Studio Solution File, Format Version 12.00
# Visual Studio Version 16
VisualStudioVersion = 16.0.29728.190
MinimumVisualStudioVersion = 10.0.40219.1
Project("{FAE04EC0-301F-11D3-BF4B-00C04F79EFBC}") = "InvitationMail", "ConsoleApp1\InvitationMail.csproj", "{BA0F94DD-75F7-4C63-ACD1-545B66D69657}"
EndProject
Project("{FAE04EC0-301F-11D3-BF4B-00C04F79EFBC}") = "UnitTestProject", "UnitTestProject\UnitTestProject.csproj", "{5EFFEADB-38E9-44B3-B412-1A2EB3964543}"
EndProject
Global
	GlobalSection(SolutionConfigurationPlatforms) = preSolution
		Debug|Any CPU = Debug|Any CPU
		Release|Any CPU = Release|Any CPU
	EndGlobalSection
	GlobalSection(ProjectConfigurationPlatforms) = postSolution
		{BA0F94DD-75F7-4C63-ACD1-545B66D69657}.Debug|Any CPU.ActiveCfg = Debug|Any CPU
		{BA0F94DD-75F7-4C63-ACD1-545B66D69657}.Debug|Any CPU.Build.0 = Debug|Any CPU
		{BA0F94DD-75F7-4C63-ACD1-545B66D69657}.Release|Any CPU.ActiveCfg = Release|Any CPU
		{BA0F94DD-75F7-4C63-ACD1-545B66D69657}.Release|Any CPU.Build.0 = Release|Any CPU
		{5EFFEADB-38E9-44B3-B412-1A2EB3964543}.Debug|Any CPU.ActiveCfg = Debug|Any CPU
		{5EFFEADB-38E9-44B3-B412-1A2EB3964543}.Debug|Any CPU.Build.0 = Debug|Any CPU
		{5EFFEADB-38E9-44B3-B412-1A2EB3964543}.Release|Any CPU.ActiveCfg = Release|Any CPU
		{5EFFEADB-38E9-44B3-B412-1A2EB3964543}.Release|Any CPU.Build.0 = Release|Any CPU
	EndGlobalSection
	GlobalSection(SolutionProperties) = preSolution
		HideSolutionNode = FALSE
	EndGlobalSection
	GlobalSection(ExtensibilityGlobals) = postSolution
		SolutionGuid = {1F228C1C-E889-4827-BB1D-7BB29013231C}
	EndGlobalSection
EndGlobal
